{
  "nodes": {
    "check-flake": {
      "locked": {
        "lastModified": 1662502605,
        "narHash": "sha256-jAT55UhabAxLAVGanxjnNdzH2/oX2ZjLsL4i2jPIP+g=",
        "owner": "srid",
        "repo": "check-flake",
        "rev": "48a17393ed4fcd523399d6602c283775b5127295",
        "type": "github"
      },
      "original": {
        "owner": "srid",
        "repo": "check-flake",
        "type": "github"
      }
    },
    "dns": {
      "inputs": {
        "flake-utils": [
          "flake-utils"
        ],
        "nixpkgs": [
          "nixpkgs"
        ]
      },
      "locked": {
        "lastModified": 1644390195,
        "narHash": "sha256-eU6y5oYs8HUS7Mmo6h8qsl+gLa4zLlhIl0Ryk4e4r2M=",
        "owner": "DarkKirb",
        "repo": "dns.nix",
        "rev": "4d3d32b0fd221895bf3da0e348056260c3a77636",
        "type": "github"
      },
      "original": {
        "owner": "DarkKirb",
        "repo": "dns.nix",
        "type": "github"
      }
    },
    "ema": {
      "inputs": {
        "flake-parts": "flake-parts",
        "haskell-flake": "haskell-flake",
        "nixpkgs": "nixpkgs"
      },
      "locked": {
        "lastModified": 1671908068,
        "narHash": "sha256-1U5uBaYsH+YT8IFLEzuAqo7H7ifsOQMp8b8FLG38YVs=",
        "owner": "EmaApps",
        "repo": "ema",
        "rev": "9fc92a132eaeedc4556eb9c17bd79ab7d96c2aaf",
        "type": "github"
      },
      "original": {
        "owner": "EmaApps",
        "repo": "ema",
        "type": "github"
      }
    },
    "emanote": {
      "inputs": {
        "check-flake": "check-flake",
        "ema": [
          "ema"
        ],
        "flake-parts": [
          "flake-parts"
        ],
        "flake-root": "flake-root",
        "haskell-flake": [
          "haskell-flake"
        ],
        "heist": "heist",
        "heist-extra": "heist-extra",
        "nixpkgs": [
          "nixpkgs"
        ],
        "treefmt-nix": "treefmt-nix"
      },
      "locked": {
        "lastModified": 1671893597,
        "narHash": "sha256-JJEKhxOuNy/J/svXLlW05WBNTfK6mLhmLy8l/VK6TKM=",
        "owner": "EmaApps",
        "repo": "emanote",
        "rev": "0cf5b5958eba440254d5ea3bbc2ff7652e4e255b",
        "type": "github"
      },
      "original": {
        "owner": "EmaApps",
        "repo": "emanote",
        "type": "github"
      }
    },
    "flake-compat": {
      "flake": false,
      "locked": {
        "lastModified": 1668681692,
        "narHash": "sha256-Ht91NGdewz8IQLtWZ9LCeNXMSXHUss+9COoqu6JLmXU=",
        "owner": "edolstra",
        "repo": "flake-compat",
        "rev": "009399224d5e398d03b22badca40a37ac85412a1",
        "type": "github"
      },
      "original": {
        "owner": "edolstra",
        "repo": "flake-compat",
        "type": "github"
      }
    },
    "flake-parts": {
      "inputs": {
        "nixpkgs-lib": "nixpkgs-lib"
      },
      "locked": {
        "lastModified": 1666885127,
        "narHash": "sha256-uXA/3lhLhwOTBMn9a5zJODKqaRT+SuL5cpEmOz2ULoo=",
        "owner": "hercules-ci",
        "repo": "flake-parts",
        "rev": "0e101dbae756d35a376a5e1faea532608e4a4b9a",
        "type": "github"
      },
      "original": {
        "owner": "hercules-ci",
        "repo": "flake-parts",
        "type": "github"
      }
    },
    "flake-parts_2": {
      "inputs": {
        "nixpkgs-lib": [
          "nixpkgs"
        ]
      },
      "locked": {
        "lastModified": 1672152762,
        "narHash": "sha256-U8iWWHgabN07zfbgedogMVWrEP1Zywyf3Yx3OYHSSgE=",
        "owner": "hercules-ci",
        "repo": "flake-parts",
        "rev": "19e0f88324d90509141e192664ded98bb88ef9b2",
        "type": "github"
      },
      "original": {
        "owner": "hercules-ci",
        "repo": "flake-parts",
        "type": "github"
      }
    },
    "flake-root": {
      "locked": {
        "lastModified": 1671378805,
        "narHash": "sha256-yqGxyzMN2GuppwG3dTWD1oiKxi+jGYP7D1qUSc5vKhI=",
        "owner": "srid",
        "repo": "flake-root",
        "rev": "dc7ba6166e478804a9da6881aa48c45d300075cf",
        "type": "github"
      },
      "original": {
        "owner": "srid",
        "repo": "flake-root",
        "type": "github"
      }
    },
    "flake-utils": {
      "locked": {
        "lastModified": 1667395993,
        "narHash": "sha256-nuEHfE/LcWyuSWnS8t12N1wc105Qtau+/OdUAjtQ0rA=",
        "owner": "numtide",
        "repo": "flake-utils",
        "rev": "5aed5285a952e0b949eb3ba02c12fa4fcfef535f",
        "type": "github"
      },
      "original": {
        "owner": "numtide",
        "repo": "flake-utils",
        "type": "github"
      }
    },
    "haskell-flake": {
      "locked": {
        "lastModified": 1668096377,
        "narHash": "sha256-Kn13rgbmhcGqCYqfsJylAMJylsQiKo/nLdTq/X0aNPo=",
        "owner": "srid",
        "repo": "haskell-flake",
        "rev": "e1fceb7d473b4f03f54f35ae9330a91e87f434a8",
        "type": "github"
      },
      "original": {
        "owner": "srid",
        "repo": "haskell-flake",
        "type": "github"
      }
    },
    "haskell-flake_2": {
      "locked": {
        "lastModified": 1671460011,
        "narHash": "sha256-Do7coaucS6ZjNysizQsVPYLLFkq6eQse8n7bzzjAy2I=",
        "owner": "srid",
        "repo": "haskell-flake",
        "rev": "54334cfae9bbb73732bbb1437260017044f68d0b",
        "type": "github"
      },
      "original": {
        "owner": "srid",
        "repo": "haskell-flake",
        "type": "github"
      }
    },
    "heist": {
      "flake": false,
      "locked": {
        "lastModified": 1668990382,
        "narHash": "sha256-5GEnEdDmUBSxrF0IWwiu5eNvtublv0rY7OEpvaU1NG0=",
        "owner": "snapframework",
        "repo": "heist",
        "rev": "88105c85996b8d621922b38e67b9460b36ccad51",
        "type": "github"
      },
      "original": {
        "owner": "snapframework",
        "repo": "heist",
        "type": "github"
      }
    },
    "heist-extra": {
      "flake": false,
      "locked": {
        "lastModified": 1668486579,
        "narHash": "sha256-VmyGntVH/tVosftplC4O0JhYA34kXeq1Wu/RbJr132Y=",
        "owner": "srid",
        "repo": "heist-extra",
        "rev": "da94abfa68f67933baef9b529fe8d2a4edc572d5",
        "type": "github"
      },
      "original": {
        "owner": "srid",
        "repo": "heist-extra",
        "type": "github"
      }
    },
    "home-manager": {
      "inputs": {
        "nixpkgs": [
          "nixpkgs"
        ],
        "utils": "utils"
      },
      "locked": {
        "lastModified": 1672349765,
        "narHash": "sha256-Ul3lSGglgHXhgU3YNqsNeTlRH1pqxbR64h+2hM+HtnM=",
        "owner": "nix-community",
        "repo": "home-manager",
        "rev": "dd99675ee81fef051809bc87d67eb07f5ba022e8",
        "type": "github"
      },
      "original": {
        "owner": "nix-community",
        "repo": "home-manager",
        "type": "github"
      }
    },
    "hosts-list": {
      "flake": false,
      "locked": {
        "lastModified": 1672345663,
        "narHash": "sha256-3zeeO22umgRvyZ/yI00Rn2wm1ZcS1/YJxFGguosqEkg=",
        "owner": "StevenBlack",
        "repo": "hosts",
        "rev": "f461d302747ae10218c6af736236868918413f4e",
        "type": "github"
      },
      "original": {
        "owner": "StevenBlack",
        "repo": "hosts",
        "type": "github"
      }
    },
    "hydra": {
      "inputs": {
        "nix": "nix",
        "nixpkgs": [
          "hydra",
          "nix",
          "nixpkgs"
        ]
      },
      "locked": {
        "lastModified": 1671755331,
        "narHash": "sha256-hXsgJj0Cy0ZiCiYdW2OdBz5WmFyOMKuw4zyxKpgUKm4=",
        "owner": "NixOS",
        "repo": "hydra",
        "rev": "f48f00ee6d5727ae3e488cbf9ce157460853fea8",
        "type": "github"
      },
      "original": {
        "owner": "NixOS",
        "repo": "hydra",
        "type": "github"
      }
    },
    "libnbtplusplus": {
      "flake": false,
      "locked": {
        "lastModified": 1650031308,
        "narHash": "sha256-TvVOjkUobYJD9itQYueELJX3wmecvEdCbJ0FinW2mL4=",
        "owner": "PrismLauncher",
        "repo": "libnbtplusplus",
        "rev": "2203af7eeb48c45398139b583615134efd8d407f",
        "type": "github"
      },
      "original": {
        "owner": "PrismLauncher",
        "repo": "libnbtplusplus",
        "type": "github"
      }
    },
    "lowdown-src": {
      "flake": false,
      "locked": {
        "lastModified": 1633514407,
        "narHash": "sha256-Dw32tiMjdK9t3ETl5fzGrutQTzh2rufgZV4A/BbxuD4=",
        "owner": "kristapsdz",
        "repo": "lowdown",
        "rev": "d2c2b44ff6c27b936ec27358a2653caaef8f73b8",
        "type": "github"
      },
      "original": {
        "owner": "kristapsdz",
        "repo": "lowdown",
        "type": "github"
      }
    },
    "nix": {
      "inputs": {
        "lowdown-src": "lowdown-src",
        "nixpkgs": "nixpkgs_2",
        "nixpkgs-regression": "nixpkgs-regression"
      },
      "locked": {
        "lastModified": 1661606874,
        "narHash": "sha256-9+rpYzI+SmxJn+EbYxjGv68Ucp22bdFUSy/4LkHkkDQ=",
        "owner": "NixOS",
        "repo": "nix",
        "rev": "11e45768b34fdafdcf019ddbd337afa16127ff0f",
        "type": "github"
      },
      "original": {
        "owner": "NixOS",
        "ref": "2.11.0",
        "repo": "nix",
        "type": "github"
      }
    },
    "nix-packages": {
      "inputs": {
        "flake-utils": [
          "flake-utils"
        ],
        "nixpkgs": [
          "nixpkgs"
        ]
      },
      "locked": {
        "lastModified": 1672299287,
        "narHash": "sha256-IFFXu9sNNSf4Lgr3d1HVV9aRYW/mrNqELAVWTaaydrU=",
        "owner": "DarkKirb",
        "repo": "nix-packages",
        "rev": "2d740adc38dd711661f35056d48171aba2fc5060",
        "type": "github"
      },
      "original": {
        "owner": "DarkKirb",
        "repo": "nix-packages",
        "type": "github"
      }
    },
    "nixos-hardware": {
      "locked": {
        "lastModified": 1672322014,
        "narHash": "sha256-HEYUb2pxm9SUgqvg8eDpFUl6UPXmd7USNWAew115zL4=",
        "owner": "NixOS",
        "repo": "nixos-hardware",
        "rev": "e2f9c6f7360f3e0f7b0bc2a3e7193a290c5d4c81",
        "type": "github"
      },
      "original": {
        "owner": "NixOS",
        "repo": "nixos-hardware",
        "type": "github"
      }
    },
    "nixpkgs": {
      "locked": {
        "lastModified": 1667969101,
        "narHash": "sha256-GL53T705HO7Q/KVfbb5STx8AxFs8YgaGY8pvAZC+O7U=",
        "owner": "nixos",
        "repo": "nixpkgs",
        "rev": "bbf77421ac51a7c93f5f0f760da99e4dbce614fa",
        "type": "github"
      },
      "original": {
        "owner": "nixos",
        "ref": "nixpkgs-unstable",
        "repo": "nixpkgs",
        "type": "github"
      }
    },
    "nixpkgs-lib": {
      "locked": {
        "dir": "lib",
        "lastModified": 1665349835,
        "narHash": "sha256-UK4urM3iN80UXQ7EaOappDzcisYIuEURFRoGQ/yPkug=",
        "owner": "NixOS",
        "repo": "nixpkgs",
        "rev": "34c5293a71ffdb2fe054eb5288adc1882c1eb0b1",
        "type": "github"
      },
      "original": {
        "dir": "lib",
        "owner": "NixOS",
        "ref": "nixos-unstable",
        "repo": "nixpkgs",
        "type": "github"
      }
    },
    "nixpkgs-noto-variable": {
      "locked": {
        "lastModified": 1648877644,
        "narHash": "sha256-gCsvZrpQ8kCO4pmKVkwNDf1qJzG+T9XRCffxFF2UngQ=",
        "owner": "NixOS",
        "repo": "nixpkgs",
        "rev": "1988f9a17fc1c2ab11f5817adf34a4eb8d06454d",
        "type": "github"
      },
      "original": {
        "owner": "NixOS",
        "repo": "nixpkgs",
        "rev": "1988f9a17fc1c2ab11f5817adf34a4eb8d06454d",
        "type": "github"
      }
    },
    "nixpkgs-regression": {
      "locked": {
        "lastModified": 1643052045,
        "narHash": "sha256-uGJ0VXIhWKGXxkeNnq4TvV3CIOkUJ3PAoLZ3HMzNVMw=",
        "owner": "NixOS",
        "repo": "nixpkgs",
        "rev": "215d4d0fd80ca5163643b03a33fde804a29cc1e2",
        "type": "github"
      },
      "original": {
        "owner": "NixOS",
        "repo": "nixpkgs",
        "rev": "215d4d0fd80ca5163643b03a33fde804a29cc1e2",
        "type": "github"
      }
    },
    "nixpkgs_2": {
      "locked": {
        "lastModified": 1657693803,
        "narHash": "sha256-G++2CJ9u0E7NNTAi9n5G8TdDmGJXcIjkJ3NF8cetQB8=",
        "owner": "NixOS",
        "repo": "nixpkgs",
        "rev": "365e1b3a859281cf11b94f87231adeabbdd878a2",
        "type": "github"
      },
      "original": {
        "owner": "NixOS",
        "ref": "nixos-22.05-small",
        "repo": "nixpkgs",
        "type": "github"
      }
    },
    "nixpkgs_3": {
      "locked": {
        "lastModified": 1672376682,
        "narHash": "sha256-X6GzBajl7saC2OHDDNvGBPpeXuuKEiSA2pViTfgP2mM=",
        "owner": "NixOS",
        "repo": "nixpkgs",
        "rev": "215933a9387c7d9c57babb6246003ba39896b5d5",
        "type": "github"
      },
      "original": {
        "owner": "NixOS",
        "repo": "nixpkgs",
        "type": "github"
      }
    },
    "nur": {
      "locked": {
        "lastModified": 1672375592,
        "narHash": "sha256-SwiWuNLy1yC4gXe/J6a42Wq85UaPsynuVXMq7AUCzr0=",
        "owner": "nix-community",
        "repo": "NUR",
        "rev": "b474be30e1e798aa6e821ca92ce6d23f808979c2",
        "type": "github"
      },
      "original": {
        "owner": "nix-community",
        "repo": "NUR",
        "type": "github"
      }
    },
    "plasma-manager": {
      "inputs": {
        "home-manager": [
          "home-manager"
        ],
        "nixpkgs": [
          "nixpkgs"
        ]
      },
      "locked": {
        "lastModified": 1664383871,
        "narHash": "sha256-dOnnzfqd/PCf1K3USKq2PqSGKmIqkr/SD7zHb1yoAyw=",
        "owner": "pjones",
        "repo": "plasma-manager",
        "rev": "16c437e43a0e049b15c9bfd37295f6e978ea9955",
        "type": "github"
      },
      "original": {
        "owner": "pjones",
        "repo": "plasma-manager",
        "type": "github"
      }
    },
    "prismmc": {
      "inputs": {
        "flake-compat": "flake-compat",
        "libnbtplusplus": "libnbtplusplus",
        "nixpkgs": [
          "nixpkgs"
        ]
      },
      "locked": {
        "lastModified": 1672250063,
        "narHash": "sha256-vcltBJETcoQ5jNnDtHc8vviai8RK4fPCzxrGNdrXdW8=",
        "owner": "PrismLauncher",
        "repo": "PrismLauncher",
        "rev": "67ac3da8a0eac959343fe86ca143b97f0f76543c",
        "type": "github"
      },
      "original": {
        "owner": "PrismLauncher",
        "repo": "PrismLauncher",
        "type": "github"
      }
    },
    "root": {
      "inputs": {
        "dns": "dns",
        "ema": "ema",
        "emanote": "emanote",
        "flake-parts": "flake-parts_2",
        "flake-utils": "flake-utils",
        "haskell-flake": "haskell-flake_2",
        "home-manager": "home-manager",
        "hosts-list": "hosts-list",
        "hydra": "hydra",
        "nix-packages": "nix-packages",
        "nixos-hardware": "nixos-hardware",
        "nixpkgs": "nixpkgs_3",
        "nixpkgs-noto-variable": "nixpkgs-noto-variable",
        "nur": "nur",
        "plasma-manager": "plasma-manager",
        "prismmc": "prismmc",
        "sops-nix": "sops-nix",
        "tomlplusplus": "tomlplusplus"
      }
    },
    "sops-nix": {
      "inputs": {
        "nixpkgs": [
          "nixpkgs"
        ],
        "nixpkgs-stable": [
          "nixpkgs"
        ]
      },
      "locked": {
        "lastModified": 1671937829,
        "narHash": "sha256-YtaNB+mLw0d67JFYNjRWM+/AL3JCXuD/DGlnTlyX1tY=",
        "owner": "Mic92",
        "repo": "sops-nix",
        "rev": "855b8d51fc3991bd817978f0f093aa6ae0fae738",
        "type": "github"
      },
      "original": {
        "owner": "Mic92",
        "repo": "sops-nix",
        "type": "github"
      }
    },
    "tomlplusplus": {
      "flake": false,
      "locked": {
        "lastModified": 1671534690,
        "narHash": "sha256-ThvnS3sBKNDd26ykj27+jp+/l6Av26ttDjerbWJjgOA=",
        "owner": "marzer",
        "repo": "tomlplusplus",
        "rev": "698285d9b2f3f6756fcdab8b93f60352325764e1",
        "type": "github"
      },
      "original": {
        "owner": "marzer",
        "repo": "tomlplusplus",
        "type": "github"
      }
    },
    "treefmt-nix": {
      "locked": {
        "lastModified": 1671882555,
        "narHash": "sha256-43HxY5gNaDMkKckeEXbhua4Ay1/S1HnYzqZBIVhzeqI=",
        "owner": "numtide",
        "repo": "treefmt-nix",
        "rev": "97981314ddf673803a1d5f966014f444a1054b1e",
        "type": "github"
      },
      "original": {
        "owner": "numtide",
        "repo": "treefmt-nix",
        "type": "github"
      }
    },
    "utils": {
      "locked": {
        "lastModified": 1667395993,
        "narHash": "sha256-nuEHfE/LcWyuSWnS8t12N1wc105Qtau+/OdUAjtQ0rA=",
        "owner": "numtide",
        "repo": "flake-utils",
        "rev": "5aed5285a952e0b949eb3ba02c12fa4fcfef535f",
        "type": "github"
      },
      "original": {
        "owner": "numtide",
        "repo": "flake-utils",
        "type": "github"
      }
    }
  },
  "root": "root",
  "version": 7
}
