{
  "nodes": {
    "nixpkgs": {
      "locked": {
        "lastModified": 1730101162,
        "narHash": "sha256-I9E9mwgzg1HGLSxp1mEAwtaktnANVmVcUCIPG/BoTGw=",
        "owner": "nixos",
        "repo": "nixpkgs",
        "rev": "c6667b33b59a340a6206f71044b2ee238c0ce873",
        "type": "github"
      },
      "original": {
        "owner": "nixos",
        "repo": "nixpkgs",
        "type": "github"
      }
    },
    "root": {
      "inputs": {
        "nixpkgs": "nixpkgs"
      }
    }
  },
  "root": "root",
  "version": 7
}
